
Microsoft Visual Studio Solution File, Format Version 12.00
# Visual Studio Version 16
VisualStudioVersion = 16.0.810.17
MinimumVisualStudioVersion = 10.0.40219.1
Project("{FAE04EC0-301F-11D3-BF4B-00C04F79EFBC}") = "Planner.Android", "Planner.Android\Planner.Android.csproj", "{081A4B05-4033-44F3-9170-BF22FC147859}"
EndProject
Project("{FAE04EC0-301F-11D3-BF4B-00C04F79EFBC}") = "Planner", "Planner\Planner.csproj", "{4FA87917-0BD2-4989-BFAB-579A4BF302A2}"
EndProject
Global
	GlobalSection(SolutionConfigurationPlatforms) = preSolution
		Debug|Any CPU = Debug|Any CPU
		Release|Any CPU = Release|Any CPU
		Debug|iPhoneSimulator = Debug|iPhoneSimulator
		Release|iPhoneSimulator = Release|iPhoneSimulator
		Debug|iPhone = Debug|iPhone
		Release|iPhone = Release|iPhone
	EndGlobalSection
	GlobalSection(ProjectConfigurationPlatforms) = postSolution
		{081A4B05-4033-44F3-9170-BF22FC147859}.Debug|Any CPU.ActiveCfg = Debug|Any CPU
		{081A4B05-4033-44F3-9170-BF22FC147859}.Debug|Any CPU.Build.0 = Debug|Any CPU
		{081A4B05-4033-44F3-9170-BF22FC147859}.Release|Any CPU.ActiveCfg = Release|Any CPU
		{081A4B05-4033-44F3-9170-BF22FC147859}.Release|Any CPU.Build.0 = Release|Any CPU
		{081A4B05-4033-44F3-9170-BF22FC147859}.Debug|iPhoneSimulator.ActiveCfg = Debug|Any CPU
		{081A4B05-4033-44F3-9170-BF22FC147859}.Debug|iPhoneSimulator.Build.0 = Debug|Any CPU
		{081A4B05-4033-44F3-9170-BF22FC147859}.Release|iPhoneSimulator.ActiveCfg = Release|Any CPU
		{081A4B05-4033-44F3-9170-BF22FC147859}.Release|iPhoneSimulator.Build.0 = Release|Any CPU
		{081A4B05-4033-44F3-9170-BF22FC147859}.Debug|iPhone.ActiveCfg = Debug|Any CPU
		{081A4B05-4033-44F3-9170-BF22FC147859}.Debug|iPhone.Build.0 = Debug|Any CPU
		{081A4B05-4033-44F3-9170-BF22FC147859}.Release|iPhone.ActiveCfg = Release|Any CPU
		{081A4B05-4033-44F3-9170-BF22FC147859}.Release|iPhone.Build.0 = Release|Any CPU
		{4FA87917-0BD2-4989-BFAB-579A4BF302A2}.Debug|Any CPU.ActiveCfg = Debug|Any CPU
		{4FA87917-0BD2-4989-BFAB-579A4BF302A2}.Debug|Any CPU.Build.0 = Debug|Any CPU
		{4FA87917-0BD2-4989-BFAB-579A4BF302A2}.Release|Any CPU.ActiveCfg = Release|Any CPU
		{4FA87917-0BD2-4989-BFAB-579A4BF302A2}.Release|Any CPU.Build.0 = Release|Any CPU
		{4FA87917-0BD2-4989-BFAB-579A4BF302A2}.Debug|iPhoneSimulator.ActiveCfg = Debug|Any CPU
		{4FA87917-0BD2-4989-BFAB-579A4BF302A2}.Debug|iPhoneSimulator.Build.0 = Debug|Any CPU
		{4FA87917-0BD2-4989-BFAB-579A4BF302A2}.Release|iPhoneSimulator.ActiveCfg = Release|Any CPU
		{4FA87917-0BD2-4989-BFAB-579A4BF302A2}.Release|iPhoneSimulator.Build.0 = Release|Any CPU
		{4FA87917-0BD2-4989-BFAB-579A4BF302A2}.Debug|iPhone.ActiveCfg = Debug|Any CPU
		{4FA87917-0BD2-4989-BFAB-579A4BF302A2}.Debug|iPhone.Build.0 = Debug|Any CPU
		{4FA87917-0BD2-4989-BFAB-579A4BF302A2}.Release|iPhone.ActiveCfg = Release|Any CPU
		{4FA87917-0BD2-4989-BFAB-579A4BF302A2}.Release|iPhone.Build.0 = Release|Any CPU
	EndGlobalSection
	GlobalSection(SolutionProperties) = preSolution
		HideSolutionNode = FALSE
	EndGlobalSection
	GlobalSection(ExtensibilityGlobals) = postSolution
		SolutionGuid = {4823F30F-06B7-45C9-AC9C-EFA3FBFAFC52}
	EndGlobalSection
EndGlobal
